
Microsoft Visual Studio Solution File, Format Version 12.00
# Visual Studio 14
VisualStudioVersion = 14.0.24720.0
MinimumVisualStudioVersion = 10.0.40219.1
Project("{FAE04EC0-301F-11D3-BF4B-00C04F79EFBC}") = "ProjectEnton", "ProjectEnton\ProjectEnton.csproj", "{2F1449B4-EED6-4895-A410-AD4D5141FB2D}"
EndProject
Project("{FAE04EC0-301F-11D3-BF4B-00C04F79EFBC}") = "WindowsApp1", "WindowsApp1\WindowsApp1.csproj", "{119AD88F-7E2B-4460-A0B6-ADC7A9923410}"
EndProject
Global
	GlobalSection(SolutionConfigurationPlatforms) = preSolution
		Debug|ARM = Debug|ARM
		Debug|x64 = Debug|x64
		Debug|x86 = Debug|x86
		Release|ARM = Release|ARM
		Release|x64 = Release|x64
		Release|x86 = Release|x86
	EndGlobalSection
	GlobalSection(ProjectConfigurationPlatforms) = postSolution
		{2F1449B4-EED6-4895-A410-AD4D5141FB2D}.Debug|ARM.ActiveCfg = Debug|ARM
		{2F1449B4-EED6-4895-A410-AD4D5141FB2D}.Debug|ARM.Build.0 = Debug|ARM
		{2F1449B4-EED6-4895-A410-AD4D5141FB2D}.Debug|ARM.Deploy.0 = Debug|ARM
		{2F1449B4-EED6-4895-A410-AD4D5141FB2D}.Debug|x64.ActiveCfg = Debug|x64
		{2F1449B4-EED6-4895-A410-AD4D5141FB2D}.Debug|x64.Build.0 = Debug|x64
		{2F1449B4-EED6-4895-A410-AD4D5141FB2D}.Debug|x64.Deploy.0 = Debug|x64
		{2F1449B4-EED6-4895-A410-AD4D5141FB2D}.Debug|x86.ActiveCfg = Debug|x86
		{2F1449B4-EED6-4895-A410-AD4D5141FB2D}.Debug|x86.Build.0 = Debug|x86
		{2F1449B4-EED6-4895-A410-AD4D5141FB2D}.Debug|x86.Deploy.0 = Debug|x86
		{2F1449B4-EED6-4895-A410-AD4D5141FB2D}.Release|ARM.ActiveCfg = Release|ARM
		{2F1449B4-EED6-4895-A410-AD4D5141FB2D}.Release|ARM.Build.0 = Release|ARM
		{2F1449B4-EED6-4895-A410-AD4D5141FB2D}.Release|ARM.Deploy.0 = Release|ARM
		{2F1449B4-EED6-4895-A410-AD4D5141FB2D}.Release|x64.ActiveCfg = Release|x64
		{2F1449B4-EED6-4895-A410-AD4D5141FB2D}.Release|x64.Build.0 = Release|x64
		{2F1449B4-EED6-4895-A410-AD4D5141FB2D}.Release|x64.Deploy.0 = Release|x64
		{2F1449B4-EED6-4895-A410-AD4D5141FB2D}.Release|x86.ActiveCfg = Release|x86
		{2F1449B4-EED6-4895-A410-AD4D5141FB2D}.Release|x86.Build.0 = Release|x86
		{2F1449B4-EED6-4895-A410-AD4D5141FB2D}.Release|x86.Deploy.0 = Release|x86
		{119AD88F-7E2B-4460-A0B6-ADC7A9923410}.Debug|ARM.ActiveCfg = Debug|ARM
		{119AD88F-7E2B-4460-A0B6-ADC7A9923410}.Debug|ARM.Build.0 = Debug|ARM
		{119AD88F-7E2B-4460-A0B6-ADC7A9923410}.Debug|ARM.Deploy.0 = Debug|ARM
		{119AD88F-7E2B-4460-A0B6-ADC7A9923410}.Debug|x64.ActiveCfg = Debug|x64
		{119AD88F-7E2B-4460-A0B6-ADC7A9923410}.Debug|x64.Build.0 = Debug|x64
		{119AD88F-7E2B-4460-A0B6-ADC7A9923410}.Debug|x64.Deploy.0 = Debug|x64
		{119AD88F-7E2B-4460-A0B6-ADC7A9923410}.Debug|x86.ActiveCfg = Debug|x86
		{119AD88F-7E2B-4460-A0B6-ADC7A9923410}.Debug|x86.Build.0 = Debug|x86
		{119AD88F-7E2B-4460-A0B6-ADC7A9923410}.Debug|x86.Deploy.0 = Debug|x86
		{119AD88F-7E2B-4460-A0B6-ADC7A9923410}.Release|ARM.ActiveCfg = Release|ARM
		{119AD88F-7E2B-4460-A0B6-ADC7A9923410}.Release|ARM.Build.0 = Release|ARM
		{119AD88F-7E2B-4460-A0B6-ADC7A9923410}.Release|ARM.Deploy.0 = Release|ARM
		{119AD88F-7E2B-4460-A0B6-ADC7A9923410}.Release|x64.ActiveCfg = Release|x64
		{119AD88F-7E2B-4460-A0B6-ADC7A9923410}.Release|x64.Build.0 = Release|x64
		{119AD88F-7E2B-4460-A0B6-ADC7A9923410}.Release|x64.Deploy.0 = Release|x64
		{119AD88F-7E2B-4460-A0B6-ADC7A9923410}.Release|x86.ActiveCfg = Release|x86
		{119AD88F-7E2B-4460-A0B6-ADC7A9923410}.Release|x86.Build.0 = Release|x86
		{119AD88F-7E2B-4460-A0B6-ADC7A9923410}.Release|x86.Deploy.0 = Release|x86
	EndGlobalSection
	GlobalSection(SolutionProperties) = preSolution
		HideSolutionNode = FALSE
	EndGlobalSection
EndGlobal
